
Microsoft Visual Studio Solution File, Format Version 12.00
# Visual Studio Version 16
VisualStudioVersion = 16.0.29806.167
MinimumVisualStudioVersion = 10.0.40219.1
Project("{FAE04EC0-301F-11D3-BF4B-00C04F79EFBC}") = "GB-ASPNETCore-Level1", "GB-ASPNETCore-Level1\GB-ASPNETCore-Level1.csproj", "{B3F69E1E-669E-4F95-B81B-0AAFC8584F12}"
EndProject
Global
	GlobalSection(SolutionConfigurationPlatforms) = preSolution
		Debug|Any CPU = Debug|Any CPU
		Release|Any CPU = Release|Any CPU
	EndGlobalSection
	GlobalSection(ProjectConfigurationPlatforms) = postSolution
		{B3F69E1E-669E-4F95-B81B-0AAFC8584F12}.Debug|Any CPU.ActiveCfg = Debug|Any CPU
		{B3F69E1E-669E-4F95-B81B-0AAFC8584F12}.Debug|Any CPU.Build.0 = Debug|Any CPU
		{B3F69E1E-669E-4F95-B81B-0AAFC8584F12}.Release|Any CPU.ActiveCfg = Release|Any CPU
		{B3F69E1E-669E-4F95-B81B-0AAFC8584F12}.Release|Any CPU.Build.0 = Release|Any CPU
	EndGlobalSection
	GlobalSection(SolutionProperties) = preSolution
		HideSolutionNode = FALSE
	EndGlobalSection
	GlobalSection(ExtensibilityGlobals) = postSolution
		SolutionGuid = {662D923C-A628-4B81-B39B-F0A1FDF04DFE}
	EndGlobalSection
EndGlobal
